
Microsoft Visual Studio Solution File, Format Version 12.00
# Visual Studio 14
VisualStudioVersion = 14.0.25420.1
MinimumVisualStudioVersion = 10.0.40219.1
Project("{FAE04EC0-301F-11D3-BF4B-00C04F79EFBC}") = "Linedoku CP Solver", "Linedoku CP Resolver\Linedoku CP Solver.csproj", "{68919E3E-ADE5-4BF3-A13C-30D42CE89EE6}"
EndProject
Project("{FAE04EC0-301F-11D3-BF4B-00C04F79EFBC}") = "Linedoku CP Solver Console", "Linedoku CP Solver Console\Linedoku CP Solver Console.csproj", "{FDF1E3DE-4A6C-4A07-BED2-A77F9357C4AD}"
EndProject
Project("{2150E333-8FDC-42A3-9474-1A3956D46DE8}") = "Solution Items", "Solution Items", "{C36233B1-9CC6-49AF-BA6E-B8B8CB468A3D}"
	ProjectSection(SolutionItems) = preProject
		README.md = README.md
	EndProjectSection
EndProject
Project("{FAE04EC0-301F-11D3-BF4B-00C04F79EFBC}") = "Linedoku CP Solver GUI", "Linedoku CP Solver GUI\Linedoku CP Solver GUI.csproj", "{C56AACAB-07F6-477D-AFD6-39FAB2B309BE}"
EndProject
Global
	GlobalSection(SolutionConfigurationPlatforms) = preSolution
		Debug|Any CPU = Debug|Any CPU
		Release|Any CPU = Release|Any CPU
	EndGlobalSection
	GlobalSection(ProjectConfigurationPlatforms) = postSolution
		{68919E3E-ADE5-4BF3-A13C-30D42CE89EE6}.Debug|Any CPU.ActiveCfg = Debug|Any CPU
		{68919E3E-ADE5-4BF3-A13C-30D42CE89EE6}.Debug|Any CPU.Build.0 = Debug|Any CPU
		{68919E3E-ADE5-4BF3-A13C-30D42CE89EE6}.Release|Any CPU.ActiveCfg = Release|Any CPU
		{68919E3E-ADE5-4BF3-A13C-30D42CE89EE6}.Release|Any CPU.Build.0 = Release|Any CPU
		{FDF1E3DE-4A6C-4A07-BED2-A77F9357C4AD}.Debug|Any CPU.ActiveCfg = Debug|Any CPU
		{FDF1E3DE-4A6C-4A07-BED2-A77F9357C4AD}.Debug|Any CPU.Build.0 = Debug|Any CPU
		{FDF1E3DE-4A6C-4A07-BED2-A77F9357C4AD}.Release|Any CPU.ActiveCfg = Release|Any CPU
		{FDF1E3DE-4A6C-4A07-BED2-A77F9357C4AD}.Release|Any CPU.Build.0 = Release|Any CPU
		{C56AACAB-07F6-477D-AFD6-39FAB2B309BE}.Debug|Any CPU.ActiveCfg = Debug|Any CPU
		{C56AACAB-07F6-477D-AFD6-39FAB2B309BE}.Debug|Any CPU.Build.0 = Debug|Any CPU
		{C56AACAB-07F6-477D-AFD6-39FAB2B309BE}.Release|Any CPU.ActiveCfg = Release|Any CPU
		{C56AACAB-07F6-477D-AFD6-39FAB2B309BE}.Release|Any CPU.Build.0 = Release|Any CPU
	EndGlobalSection
	GlobalSection(SolutionProperties) = preSolution
		HideSolutionNode = FALSE
	EndGlobalSection
EndGlobal
